
Microsoft Visual Studio Solution File, Format Version 12.00
# Visual Studio 14
VisualStudioVersion = 14.0.25420.1
MinimumVisualStudioVersion = 10.0.40219.1
Project("{FAE04EC0-301F-11D3-BF4B-00C04F79EFBC}") = "tehtava01", "Demo01\tehtava01.csproj", "{69734031-D498-4A42-AE01-A65B3625D8D6}"
EndProject
Project("{FAE04EC0-301F-11D3-BF4B-00C04F79EFBC}") = "tehtava01b", "tehtava01b\tehtava01b.csproj", "{0882BCE4-0FD2-4375-82A7-BF93F6D002C7}"
EndProject
Project("{FAE04EC0-301F-11D3-BF4B-00C04F79EFBC}") = "tehtava02", "tehtava02\tehtava02.csproj", "{08CC8F15-0348-4FE7-BFD7-B2AACD3DC8BE}"
EndProject
Global
	GlobalSection(SolutionConfigurationPlatforms) = preSolution
		Debug|Any CPU = Debug|Any CPU
		Release|Any CPU = Release|Any CPU
	EndGlobalSection
	GlobalSection(ProjectConfigurationPlatforms) = postSolution
		{69734031-D498-4A42-AE01-A65B3625D8D6}.Debug|Any CPU.ActiveCfg = Debug|Any CPU
		{69734031-D498-4A42-AE01-A65B3625D8D6}.Debug|Any CPU.Build.0 = Debug|Any CPU
		{69734031-D498-4A42-AE01-A65B3625D8D6}.Release|Any CPU.ActiveCfg = Release|Any CPU
		{69734031-D498-4A42-AE01-A65B3625D8D6}.Release|Any CPU.Build.0 = Release|Any CPU
		{0882BCE4-0FD2-4375-82A7-BF93F6D002C7}.Debug|Any CPU.ActiveCfg = Debug|Any CPU
		{0882BCE4-0FD2-4375-82A7-BF93F6D002C7}.Debug|Any CPU.Build.0 = Debug|Any CPU
		{0882BCE4-0FD2-4375-82A7-BF93F6D002C7}.Release|Any CPU.ActiveCfg = Release|Any CPU
		{0882BCE4-0FD2-4375-82A7-BF93F6D002C7}.Release|Any CPU.Build.0 = Release|Any CPU
		{08CC8F15-0348-4FE7-BFD7-B2AACD3DC8BE}.Debug|Any CPU.ActiveCfg = Debug|Any CPU
		{08CC8F15-0348-4FE7-BFD7-B2AACD3DC8BE}.Debug|Any CPU.Build.0 = Debug|Any CPU
		{08CC8F15-0348-4FE7-BFD7-B2AACD3DC8BE}.Release|Any CPU.ActiveCfg = Release|Any CPU
		{08CC8F15-0348-4FE7-BFD7-B2AACD3DC8BE}.Release|Any CPU.Build.0 = Release|Any CPU
	EndGlobalSection
	GlobalSection(SolutionProperties) = preSolution
		HideSolutionNode = FALSE
	EndGlobalSection
EndGlobal
